
Microsoft Visual Studio Solution File, Format Version 12.00
Project("{FAE04EC0-301F-11D3-BF4B-00C04F79EFBC}") = "OneDimensionArray", "OneDimensionArray\OneDimensionArray.csproj", "{50709802-EF57-422F-AD97-D7631998768B}"
EndProject
Project("{FAE04EC0-301F-11D3-BF4B-00C04F79EFBC}") = "Multidimension", "Multidimension\Multidimension.csproj", "{CACE9F32-B01A-4C78-9332-FA03DF538DE2}"
EndProject
Global
	GlobalSection(SolutionConfigurationPlatforms) = preSolution
		Debug|Any CPU = Debug|Any CPU
		Release|Any CPU = Release|Any CPU
	EndGlobalSection
	GlobalSection(ProjectConfigurationPlatforms) = postSolution
		{50709802-EF57-422F-AD97-D7631998768B}.Debug|Any CPU.ActiveCfg = Debug|Any CPU
		{50709802-EF57-422F-AD97-D7631998768B}.Debug|Any CPU.Build.0 = Debug|Any CPU
		{50709802-EF57-422F-AD97-D7631998768B}.Release|Any CPU.ActiveCfg = Release|Any CPU
		{50709802-EF57-422F-AD97-D7631998768B}.Release|Any CPU.Build.0 = Release|Any CPU
		{CACE9F32-B01A-4C78-9332-FA03DF538DE2}.Debug|Any CPU.ActiveCfg = Debug|Any CPU
		{CACE9F32-B01A-4C78-9332-FA03DF538DE2}.Debug|Any CPU.Build.0 = Debug|Any CPU
		{CACE9F32-B01A-4C78-9332-FA03DF538DE2}.Release|Any CPU.ActiveCfg = Release|Any CPU
		{CACE9F32-B01A-4C78-9332-FA03DF538DE2}.Release|Any CPU.Build.0 = Release|Any CPU
	EndGlobalSection
EndGlobal
